<Solution>
  <Project Path="src/App/App.csproj" />
  <Project Path="src/Modules/Shortening/Shortening.csproj" />
  <Project Path="src/Modules/Analytics/Analytics.csproj" />
  <Project Path="src/UrlShortener.API/UrlShortener.API.csproj" />
  <Project Path="tests/Shortening.Tests/Shortening.Tests.csproj" />
</Solution>
